
Microsoft Visual Studio Solution File, Format Version 12.00
# Visual Studio Version 17
VisualStudioVersion = 17.5.002.0
MinimumVisualStudioVersion = 10.0.40219.1
Project("{9A19103F-16F7-4668-BE54-9A1E7A4F7556}") = "SNCodeTools", "SNCodeTools.csproj", "{0EBB7DE0-F090-4393-AE97-ABFC79A2BB32}"
EndProject
Global
	GlobalSection(SolutionConfigurationPlatforms) = preSolution
		Debug|Any CPU = Debug|Any CPU
		Release|Any CPU = Release|Any CPU
	EndGlobalSection
	GlobalSection(ProjectConfigurationPlatforms) = postSolution
		{0EBB7DE0-F090-4393-AE97-ABFC79A2BB32}.Debug|Any CPU.ActiveCfg = Debug|Any CPU
		{0EBB7DE0-F090-4393-AE97-ABFC79A2BB32}.Debug|Any CPU.Build.0 = Debug|Any CPU
		{0EBB7DE0-F090-4393-AE97-ABFC79A2BB32}.Release|Any CPU.ActiveCfg = Release|Any CPU
		{0EBB7DE0-F090-4393-AE97-ABFC79A2BB32}.Release|Any CPU.Build.0 = Release|Any CPU
	EndGlobalSection
	GlobalSection(SolutionProperties) = preSolution
		HideSolutionNode = FALSE
	EndGlobalSection
	GlobalSection(ExtensibilityGlobals) = postSolution
		SolutionGuid = {D05EC5C7-A5F2-4FB5-9675-273DA4BF48EA}
	EndGlobalSection
EndGlobal
